
Microsoft Visual Studio Solution File, Format Version 12.00
# Visual Studio Version 16
VisualStudioVersion = 16.0.30804.86
MinimumVisualStudioVersion = 10.0.40219.1
Project("{FAE04EC0-301F-11D3-BF4B-00C04F79EFBC}") = "SE_ManagementSystem", "SE_ManagementSystem\SE_ManagementSystem.csproj", "{FD9BA7B2-32F0-4522-95C7-62B4D06F7415}"
EndProject
Global
	GlobalSection(SolutionConfigurationPlatforms) = preSolution
		Debug|Any CPU = Debug|Any CPU
		Release|Any CPU = Release|Any CPU
	EndGlobalSection
	GlobalSection(ProjectConfigurationPlatforms) = postSolution
		{FD9BA7B2-32F0-4522-95C7-62B4D06F7415}.Debug|Any CPU.ActiveCfg = Debug|Any CPU
		{FD9BA7B2-32F0-4522-95C7-62B4D06F7415}.Debug|Any CPU.Build.0 = Debug|Any CPU
		{FD9BA7B2-32F0-4522-95C7-62B4D06F7415}.Release|Any CPU.ActiveCfg = Release|Any CPU
		{FD9BA7B2-32F0-4522-95C7-62B4D06F7415}.Release|Any CPU.Build.0 = Release|Any CPU
	EndGlobalSection
	GlobalSection(SolutionProperties) = preSolution
		HideSolutionNode = FALSE
	EndGlobalSection
	GlobalSection(ExtensibilityGlobals) = postSolution
		SolutionGuid = {741EAEE7-8FB1-4BB9-962D-D79A9F3106FC}
	EndGlobalSection
EndGlobal
